# THIS IS AN AUTOGENERATED FILE. DO NOT EDIT THIS FILE DIRECTLY.
# yarn lockfile v1


"@chainlink/contracts@0.3.1":
  version "0.3.1"
  resolved "https://registry.yarnpkg.com/@chainlink/contracts/-/contracts-0.3.1.tgz#a1a2e1b179a6ce6a9b5b16992f6202918110ef5c"
  integrity sha512-A8DRvmfNCwLS1iduPPj7wNAZJMe9/ZimMhoHhbbBiq+7Vq/HFjiNcdoQ5NinFdXD5aTsoNUGG5pAYKj7YMpm9A==

"@equilibria/perennial-v2@1.2.1":
  version "1.2.1"
  resolved "https://registry.yarnpkg.com/@equilibria/perennial-v2/-/perennial-v2-1.2.1.tgz#a75b75f7ab0371dad328eb68cf51bf8064e8d6c9"
  integrity sha512-VFl5AyCHmilMZQIGUyF8o/VLD2euWMuCEYJMi1FabqFnBTG4Y4oUXJe8vmj2kW+anViAdK5yY1oSdUJHgDRmVA==
  dependencies:
    "@chainlink/contracts" "0.3.1"
